
Microsoft Visual Studio Solution File, Format Version 12.00
Project("{FAE04EC0-301F-11D3-BF4B-00C04F79EFBC}") = "EvKiraTakip", "EvKiraTakip\EvKiraTakip.csproj", "{7C9F7BDF-1104-46A6-9AAC-7C703B048FE2}"
EndProject
Global
	GlobalSection(SolutionConfigurationPlatforms) = preSolution
		Debug|Any CPU = Debug|Any CPU
		Release|Any CPU = Release|Any CPU
	EndGlobalSection
	GlobalSection(ProjectConfigurationPlatforms) = postSolution
		{7C9F7BDF-1104-46A6-9AAC-7C703B048FE2}.Debug|Any CPU.ActiveCfg = Debug|Any CPU
		{7C9F7BDF-1104-46A6-9AAC-7C703B048FE2}.Debug|Any CPU.Build.0 = Debug|Any CPU
		{7C9F7BDF-1104-46A6-9AAC-7C703B048FE2}.Release|Any CPU.ActiveCfg = Release|Any CPU
		{7C9F7BDF-1104-46A6-9AAC-7C703B048FE2}.Release|Any CPU.Build.0 = Release|Any CPU
	EndGlobalSection
EndGlobal
